
Microsoft Visual Studio Solution File, Format Version 12.00
# Visual Studio Version 17
VisualStudioVersion = 17.11.35312.102
MinimumVisualStudioVersion = 10.0.40219.1
Project("{8BC9CEB8-8B4A-11D0-8D11-00A0C91BC942}") = "ProjectTouristRoutes", "ProjectTouristRoutes\ProjectTouristRoutes.vcxproj", "{174A9212-2F2F-4FD5-9107-8B7FADF81FD4}"
EndProject
Global
	GlobalSection(SolutionConfigurationPlatforms) = preSolution
		Debug|x64 = Debug|x64
		Debug|x86 = Debug|x86
		Release|x64 = Release|x64
		Release|x86 = Release|x86
	EndGlobalSection
	GlobalSection(ProjectConfigurationPlatforms) = postSolution
		{174A9212-2F2F-4FD5-9107-8B7FADF81FD4}.Debug|x64.ActiveCfg = Debug|x64
		{174A9212-2F2F-4FD5-9107-8B7FADF81FD4}.Debug|x64.Build.0 = Debug|x64
		{174A9212-2F2F-4FD5-9107-8B7FADF81FD4}.Debug|x86.ActiveCfg = Debug|Win32
		{174A9212-2F2F-4FD5-9107-8B7FADF81FD4}.Debug|x86.Build.0 = Debug|Win32
		{174A9212-2F2F-4FD5-9107-8B7FADF81FD4}.Release|x64.ActiveCfg = Release|x64
		{174A9212-2F2F-4FD5-9107-8B7FADF81FD4}.Release|x64.Build.0 = Release|x64
		{174A9212-2F2F-4FD5-9107-8B7FADF81FD4}.Release|x86.ActiveCfg = Release|Win32
		{174A9212-2F2F-4FD5-9107-8B7FADF81FD4}.Release|x86.Build.0 = Release|Win32
	EndGlobalSection
	GlobalSection(SolutionProperties) = preSolution
		HideSolutionNode = FALSE
	EndGlobalSection
	GlobalSection(ExtensibilityGlobals) = postSolution
		SolutionGuid = {BD7BFA23-6F28-40C5-B4BE-CB4DB14135CA}
	EndGlobalSection
EndGlobal
